
Microsoft Visual Studio Solution File, Format Version 12.00
# Visual Studio Express 2012 for Windows Desktop
Project("{FAE04EC0-301F-11D3-BF4B-00C04F79EFBC}") = "QuicksortInPlace", "QuicksortInPlace.csproj", "{BA8FE3B6-F0D8-4A1A-82DD-4DE1BF0C9DFC}"
EndProject
Global
	GlobalSection(SolutionConfigurationPlatforms) = preSolution
		Debug|Any CPU = Debug|Any CPU
		Release|Any CPU = Release|Any CPU
	EndGlobalSection
	GlobalSection(ProjectConfigurationPlatforms) = postSolution
		{BA8FE3B6-F0D8-4A1A-82DD-4DE1BF0C9DFC}.Debug|Any CPU.ActiveCfg = Debug|Any CPU
		{BA8FE3B6-F0D8-4A1A-82DD-4DE1BF0C9DFC}.Debug|Any CPU.Build.0 = Debug|Any CPU
		{BA8FE3B6-F0D8-4A1A-82DD-4DE1BF0C9DFC}.Release|Any CPU.ActiveCfg = Release|Any CPU
		{BA8FE3B6-F0D8-4A1A-82DD-4DE1BF0C9DFC}.Release|Any CPU.Build.0 = Release|Any CPU
	EndGlobalSection
	GlobalSection(SolutionProperties) = preSolution
		HideSolutionNode = FALSE
	EndGlobalSection
EndGlobal
