
Microsoft Visual Studio Solution File, Format Version 12.00
# Visual Studio Express 2012 for Windows Desktop
Project("{FAE04EC0-301F-11D3-BF4B-00C04F79EFBC}") = "Select3ofN", "Select3ofN.csproj", "{DCFD7DE7-54A8-450A-BC8E-2B7762456057}"
EndProject
Global
	GlobalSection(SolutionConfigurationPlatforms) = preSolution
		Debug|Any CPU = Debug|Any CPU
		Release|Any CPU = Release|Any CPU
	EndGlobalSection
	GlobalSection(ProjectConfigurationPlatforms) = postSolution
		{DCFD7DE7-54A8-450A-BC8E-2B7762456057}.Debug|Any CPU.ActiveCfg = Debug|Any CPU
		{DCFD7DE7-54A8-450A-BC8E-2B7762456057}.Debug|Any CPU.Build.0 = Debug|Any CPU
		{DCFD7DE7-54A8-450A-BC8E-2B7762456057}.Release|Any CPU.ActiveCfg = Release|Any CPU
		{DCFD7DE7-54A8-450A-BC8E-2B7762456057}.Release|Any CPU.Build.0 = Release|Any CPU
	EndGlobalSection
	GlobalSection(SolutionProperties) = preSolution
		HideSolutionNode = FALSE
	EndGlobalSection
EndGlobal
