
Microsoft Visual Studio Solution File, Format Version 12.00
# Visual Studio Version 16
VisualStudioVersion = 16.0.30413.136
MinimumVisualStudioVersion = 10.0.40219.1
Project("{FAE04EC0-301F-11D3-BF4B-00C04F79EFBC}") = "SLAU", "SLAU.csproj", "{577CEB58-F117-4177-8583-21CC3A7D61C1}"
EndProject
Global
	GlobalSection(SolutionConfigurationPlatforms) = preSolution
		Debug|Any CPU = Debug|Any CPU
		Release|Any CPU = Release|Any CPU
	EndGlobalSection
	GlobalSection(ProjectConfigurationPlatforms) = postSolution
		{577CEB58-F117-4177-8583-21CC3A7D61C1}.Debug|Any CPU.ActiveCfg = Debug|Any CPU
		{577CEB58-F117-4177-8583-21CC3A7D61C1}.Debug|Any CPU.Build.0 = Debug|Any CPU
		{577CEB58-F117-4177-8583-21CC3A7D61C1}.Release|Any CPU.ActiveCfg = Release|Any CPU
		{577CEB58-F117-4177-8583-21CC3A7D61C1}.Release|Any CPU.Build.0 = Release|Any CPU
	EndGlobalSection
	GlobalSection(SolutionProperties) = preSolution
		HideSolutionNode = FALSE
	EndGlobalSection
	GlobalSection(ExtensibilityGlobals) = postSolution
		SolutionGuid = {433E9426-0B45-4766-B719-D449D272EDA6}
	EndGlobalSection
EndGlobal
