
Microsoft Visual Studio Solution File, Format Version 12.00
# Visual Studio Express 2012 for Windows Desktop
Project("{FAE04EC0-301F-11D3-BF4B-00C04F79EFBC}") = "ThreadedTree", "ThreadedTree.csproj", "{EA4A6FB4-4C2B-44DD-8B98-ADC9333D3ECB}"
EndProject
Global
	GlobalSection(SolutionConfigurationPlatforms) = preSolution
		Debug|Any CPU = Debug|Any CPU
		Release|Any CPU = Release|Any CPU
	EndGlobalSection
	GlobalSection(ProjectConfigurationPlatforms) = postSolution
		{EA4A6FB4-4C2B-44DD-8B98-ADC9333D3ECB}.Debug|Any CPU.ActiveCfg = Debug|Any CPU
		{EA4A6FB4-4C2B-44DD-8B98-ADC9333D3ECB}.Debug|Any CPU.Build.0 = Debug|Any CPU
		{EA4A6FB4-4C2B-44DD-8B98-ADC9333D3ECB}.Release|Any CPU.ActiveCfg = Release|Any CPU
		{EA4A6FB4-4C2B-44DD-8B98-ADC9333D3ECB}.Release|Any CPU.Build.0 = Release|Any CPU
	EndGlobalSection
	GlobalSection(SolutionProperties) = preSolution
		HideSolutionNode = FALSE
	EndGlobalSection
EndGlobal
