
Microsoft Visual Studio Solution File, Format Version 12.00
# Visual Studio Version 16
VisualStudioVersion = 16.0.29411.108
MinimumVisualStudioVersion = 10.0.40219.1
Project("{FAE04EC0-301F-11D3-BF4B-00C04F79EFBC}") = "BitrateChanger", "BitrateChanger\BitrateChanger.csproj", "{5DA8D9E8-5C7A-4427-8CD2-AD8D1D66D3BD}"
EndProject
Global
	GlobalSection(SolutionConfigurationPlatforms) = preSolution
		Debug|Any CPU = Debug|Any CPU
		Release|Any CPU = Release|Any CPU
	EndGlobalSection
	GlobalSection(ProjectConfigurationPlatforms) = postSolution
		{5DA8D9E8-5C7A-4427-8CD2-AD8D1D66D3BD}.Debug|Any CPU.ActiveCfg = Debug|Any CPU
		{5DA8D9E8-5C7A-4427-8CD2-AD8D1D66D3BD}.Debug|Any CPU.Build.0 = Debug|Any CPU
		{5DA8D9E8-5C7A-4427-8CD2-AD8D1D66D3BD}.Release|Any CPU.ActiveCfg = Release|Any CPU
		{5DA8D9E8-5C7A-4427-8CD2-AD8D1D66D3BD}.Release|Any CPU.Build.0 = Release|Any CPU
	EndGlobalSection
	GlobalSection(SolutionProperties) = preSolution
		HideSolutionNode = FALSE
	EndGlobalSection
	GlobalSection(ExtensibilityGlobals) = postSolution
		SolutionGuid = {42549067-9E92-4A2F-9F94-4D97514AE694}
	EndGlobalSection
EndGlobal
