
Microsoft Visual Studio Solution File, Format Version 12.00
# Visual Studio Express 2012 for Windows Desktop
Project("{FAE04EC0-301F-11D3-BF4B-00C04F79EFBC}") = "NonrecursiveFibonacci2", "NonrecursiveFibonacci2.csproj", "{AD1A3304-B1BC-4C96-9AB2-9D31B8A41129}"
EndProject
Global
	GlobalSection(SolutionConfigurationPlatforms) = preSolution
		Debug|Any CPU = Debug|Any CPU
		Release|Any CPU = Release|Any CPU
	EndGlobalSection
	GlobalSection(ProjectConfigurationPlatforms) = postSolution
		{AD1A3304-B1BC-4C96-9AB2-9D31B8A41129}.Debug|Any CPU.ActiveCfg = Debug|Any CPU
		{AD1A3304-B1BC-4C96-9AB2-9D31B8A41129}.Debug|Any CPU.Build.0 = Debug|Any CPU
		{AD1A3304-B1BC-4C96-9AB2-9D31B8A41129}.Release|Any CPU.ActiveCfg = Release|Any CPU
		{AD1A3304-B1BC-4C96-9AB2-9D31B8A41129}.Release|Any CPU.Build.0 = Release|Any CPU
	EndGlobalSection
	GlobalSection(SolutionProperties) = preSolution
		HideSolutionNode = FALSE
	EndGlobalSection
EndGlobal
