
Microsoft Visual Studio Solution File, Format Version 12.00
# Visual Studio Express 2012 for Windows Desktop
Project("{FAE04EC0-301F-11D3-BF4B-00C04F79EFBC}") = "EvaluateExpression", "EvaluateExpression.csproj", "{CF7ABD36-B8E4-423D-ADC0-4012176C8B94}"
EndProject
Global
	GlobalSection(SolutionConfigurationPlatforms) = preSolution
		Debug|Any CPU = Debug|Any CPU
		Release|Any CPU = Release|Any CPU
	EndGlobalSection
	GlobalSection(ProjectConfigurationPlatforms) = postSolution
		{CF7ABD36-B8E4-423D-ADC0-4012176C8B94}.Debug|Any CPU.ActiveCfg = Debug|Any CPU
		{CF7ABD36-B8E4-423D-ADC0-4012176C8B94}.Debug|Any CPU.Build.0 = Debug|Any CPU
		{CF7ABD36-B8E4-423D-ADC0-4012176C8B94}.Release|Any CPU.ActiveCfg = Release|Any CPU
		{CF7ABD36-B8E4-423D-ADC0-4012176C8B94}.Release|Any CPU.Build.0 = Release|Any CPU
	EndGlobalSection
	GlobalSection(SolutionProperties) = preSolution
		HideSolutionNode = FALSE
	EndGlobalSection
EndGlobal
