
Microsoft Visual Studio Solution File, Format Version 12.00
# Visual Studio Express 2012 for Windows Desktop
Project("{FAE04EC0-301F-11D3-BF4B-00C04F79EFBC}") = "MultiHeadedQueue", "MultiHeadedQueue.csproj", "{BF24B576-95F2-46B2-A2D9-2CB0B769FE9A}"
EndProject
Global
	GlobalSection(SolutionConfigurationPlatforms) = preSolution
		Debug|Any CPU = Debug|Any CPU
		Release|Any CPU = Release|Any CPU
	EndGlobalSection
	GlobalSection(ProjectConfigurationPlatforms) = postSolution
		{BF24B576-95F2-46B2-A2D9-2CB0B769FE9A}.Debug|Any CPU.ActiveCfg = Debug|Any CPU
		{BF24B576-95F2-46B2-A2D9-2CB0B769FE9A}.Debug|Any CPU.Build.0 = Debug|Any CPU
		{BF24B576-95F2-46B2-A2D9-2CB0B769FE9A}.Release|Any CPU.ActiveCfg = Release|Any CPU
		{BF24B576-95F2-46B2-A2D9-2CB0B769FE9A}.Release|Any CPU.Build.0 = Release|Any CPU
	EndGlobalSection
	GlobalSection(SolutionProperties) = preSolution
		HideSolutionNode = FALSE
	EndGlobalSection
EndGlobal
