
Microsoft Visual Studio Solution File, Format Version 12.00
# Visual Studio Express 2012 for Windows Desktop
Project("{FAE04EC0-301F-11D3-BF4B-00C04F79EFBC}") = "StackInsertionsort", "StackInsertionsort.csproj", "{7CB85F11-1758-47A7-8B56-64B9017FCA89}"
EndProject
Global
	GlobalSection(SolutionConfigurationPlatforms) = preSolution
		Debug|Any CPU = Debug|Any CPU
		Release|Any CPU = Release|Any CPU
	EndGlobalSection
	GlobalSection(ProjectConfigurationPlatforms) = postSolution
		{7CB85F11-1758-47A7-8B56-64B9017FCA89}.Debug|Any CPU.ActiveCfg = Debug|Any CPU
		{7CB85F11-1758-47A7-8B56-64B9017FCA89}.Debug|Any CPU.Build.0 = Debug|Any CPU
		{7CB85F11-1758-47A7-8B56-64B9017FCA89}.Release|Any CPU.ActiveCfg = Release|Any CPU
		{7CB85F11-1758-47A7-8B56-64B9017FCA89}.Release|Any CPU.Build.0 = Release|Any CPU
	EndGlobalSection
	GlobalSection(SolutionProperties) = preSolution
		HideSolutionNode = FALSE
	EndGlobalSection
EndGlobal
