
Microsoft Visual Studio Solution File, Format Version 12.00
# Visual Studio Express 2012 for Windows Desktop
Project("{FAE04EC0-301F-11D3-BF4B-00C04F79EFBC}") = "MonteCarloIntegration", "MonteCarloIntegration.csproj", "{D6930765-05BA-4B85-8632-D4ABABEDDA8F}"
EndProject
Global
	GlobalSection(SolutionConfigurationPlatforms) = preSolution
		Debug|Any CPU = Debug|Any CPU
		Release|Any CPU = Release|Any CPU
	EndGlobalSection
	GlobalSection(ProjectConfigurationPlatforms) = postSolution
		{D6930765-05BA-4B85-8632-D4ABABEDDA8F}.Debug|Any CPU.ActiveCfg = Debug|Any CPU
		{D6930765-05BA-4B85-8632-D4ABABEDDA8F}.Debug|Any CPU.Build.0 = Debug|Any CPU
		{D6930765-05BA-4B85-8632-D4ABABEDDA8F}.Release|Any CPU.ActiveCfg = Release|Any CPU
		{D6930765-05BA-4B85-8632-D4ABABEDDA8F}.Release|Any CPU.Build.0 = Release|Any CPU
	EndGlobalSection
	GlobalSection(SolutionProperties) = preSolution
		HideSolutionNode = FALSE
	EndGlobalSection
EndGlobal
