
Microsoft Visual Studio Solution File, Format Version 12.00
# Visual Studio Express 2012 for Windows Desktop
Project("{FAE04EC0-301F-11D3-BF4B-00C04F79EFBC}") = "Expressions2", "Expressions2.csproj", "{998BB397-570D-4FC1-AA23-58F95BAC0F2C}"
EndProject
Global
	GlobalSection(SolutionConfigurationPlatforms) = preSolution
		Debug|Any CPU = Debug|Any CPU
		Release|Any CPU = Release|Any CPU
	EndGlobalSection
	GlobalSection(ProjectConfigurationPlatforms) = postSolution
		{998BB397-570D-4FC1-AA23-58F95BAC0F2C}.Debug|Any CPU.ActiveCfg = Debug|Any CPU
		{998BB397-570D-4FC1-AA23-58F95BAC0F2C}.Debug|Any CPU.Build.0 = Debug|Any CPU
		{998BB397-570D-4FC1-AA23-58F95BAC0F2C}.Release|Any CPU.ActiveCfg = Release|Any CPU
		{998BB397-570D-4FC1-AA23-58F95BAC0F2C}.Release|Any CPU.Build.0 = Release|Any CPU
	EndGlobalSection
	GlobalSection(SolutionProperties) = preSolution
		HideSolutionNode = FALSE
	EndGlobalSection
EndGlobal
