
Microsoft Visual Studio Solution File, Format Version 12.00
# Visual Studio Version 16
VisualStudioVersion = 16.0.29009.5
MinimumVisualStudioVersion = 10.0.40219.1
Project("{FAE04EC0-301F-11D3-BF4B-00C04F79EFBC}") = "VKTest", "VKTest\VKTest.csproj", "{1779BD14-1F6B-411D-88A3-F6C07E0B1879}"
EndProject
Project("{FAE04EC0-301F-11D3-BF4B-00C04F79EFBC}") = "VKVideoDownloader", "VKVideoDownloader\VKVideoDownloader.csproj", "{90B6758C-D826-48A3-8CDD-1D44933C4A33}"
EndProject
Project("{FAE04EC0-301F-11D3-BF4B-00C04F79EFBC}") = "TaskQueueTest", "TaskQueueTest\TaskQueueTest.csproj", "{A2E96FFE-EFAE-4DF4-888D-DB3307695D1F}"
EndProject
Global
	GlobalSection(SolutionConfigurationPlatforms) = preSolution
		Debug|Any CPU = Debug|Any CPU
		Release|Any CPU = Release|Any CPU
	EndGlobalSection
	GlobalSection(ProjectConfigurationPlatforms) = postSolution
		{1779BD14-1F6B-411D-88A3-F6C07E0B1879}.Debug|Any CPU.ActiveCfg = Debug|Any CPU
		{1779BD14-1F6B-411D-88A3-F6C07E0B1879}.Debug|Any CPU.Build.0 = Debug|Any CPU
		{1779BD14-1F6B-411D-88A3-F6C07E0B1879}.Release|Any CPU.ActiveCfg = Release|Any CPU
		{1779BD14-1F6B-411D-88A3-F6C07E0B1879}.Release|Any CPU.Build.0 = Release|Any CPU
		{90B6758C-D826-48A3-8CDD-1D44933C4A33}.Debug|Any CPU.ActiveCfg = Debug|Any CPU
		{90B6758C-D826-48A3-8CDD-1D44933C4A33}.Debug|Any CPU.Build.0 = Debug|Any CPU
		{90B6758C-D826-48A3-8CDD-1D44933C4A33}.Release|Any CPU.ActiveCfg = Release|Any CPU
		{90B6758C-D826-48A3-8CDD-1D44933C4A33}.Release|Any CPU.Build.0 = Release|Any CPU
		{A2E96FFE-EFAE-4DF4-888D-DB3307695D1F}.Debug|Any CPU.ActiveCfg = Debug|Any CPU
		{A2E96FFE-EFAE-4DF4-888D-DB3307695D1F}.Debug|Any CPU.Build.0 = Debug|Any CPU
		{A2E96FFE-EFAE-4DF4-888D-DB3307695D1F}.Release|Any CPU.ActiveCfg = Release|Any CPU
		{A2E96FFE-EFAE-4DF4-888D-DB3307695D1F}.Release|Any CPU.Build.0 = Release|Any CPU
	EndGlobalSection
	GlobalSection(SolutionProperties) = preSolution
		HideSolutionNode = FALSE
	EndGlobalSection
	GlobalSection(ExtensibilityGlobals) = postSolution
		SolutionGuid = {1EA7D7A7-703D-4444-981A-15E2CA10A243}
	EndGlobalSection
EndGlobal
