
Microsoft Visual Studio Solution File, Format Version 12.00
# Visual Studio Express 2012 for Windows Desktop
Project("{FAE04EC0-301F-11D3-BF4B-00C04F79EFBC}") = "BreakLoopTortoiseAndHare", "BreakLoopTortoiseAndHare.csproj", "{0B5132B6-784B-46DD-B129-D07C00D6C19E}"
EndProject
Global
	GlobalSection(SolutionConfigurationPlatforms) = preSolution
		Debug|Any CPU = Debug|Any CPU
		Release|Any CPU = Release|Any CPU
	EndGlobalSection
	GlobalSection(ProjectConfigurationPlatforms) = postSolution
		{0B5132B6-784B-46DD-B129-D07C00D6C19E}.Debug|Any CPU.ActiveCfg = Debug|Any CPU
		{0B5132B6-784B-46DD-B129-D07C00D6C19E}.Debug|Any CPU.Build.0 = Debug|Any CPU
		{0B5132B6-784B-46DD-B129-D07C00D6C19E}.Release|Any CPU.ActiveCfg = Release|Any CPU
		{0B5132B6-784B-46DD-B129-D07C00D6C19E}.Release|Any CPU.Build.0 = Release|Any CPU
	EndGlobalSection
	GlobalSection(SolutionProperties) = preSolution
		HideSolutionNode = FALSE
	EndGlobalSection
EndGlobal
