
Microsoft Visual Studio Solution File, Format Version 12.00
# Visual Studio Express 2012 for Windows Desktop
Project("{FAE04EC0-301F-11D3-BF4B-00C04F79EFBC}") = "StackSelectionsort", "StackSelectionsort.csproj", "{068265C5-A7A2-425A-9067-1E663BB36015}"
EndProject
Global
	GlobalSection(SolutionConfigurationPlatforms) = preSolution
		Debug|Any CPU = Debug|Any CPU
		Release|Any CPU = Release|Any CPU
	EndGlobalSection
	GlobalSection(ProjectConfigurationPlatforms) = postSolution
		{068265C5-A7A2-425A-9067-1E663BB36015}.Debug|Any CPU.ActiveCfg = Debug|Any CPU
		{068265C5-A7A2-425A-9067-1E663BB36015}.Debug|Any CPU.Build.0 = Debug|Any CPU
		{068265C5-A7A2-425A-9067-1E663BB36015}.Release|Any CPU.ActiveCfg = Release|Any CPU
		{068265C5-A7A2-425A-9067-1E663BB36015}.Release|Any CPU.Build.0 = Release|Any CPU
	EndGlobalSection
	GlobalSection(SolutionProperties) = preSolution
		HideSolutionNode = FALSE
	EndGlobalSection
EndGlobal
