
Microsoft Visual Studio Solution File, Format Version 12.00
# Visual Studio Express 2012 for Windows Desktop
Project("{FAE04EC0-301F-11D3-BF4B-00C04F79EFBC}") = "CaesarSubstitution", "CaesarSubstitution.csproj", "{FFDF6B01-2A86-4D30-BA40-E6DF6A21B6E7}"
EndProject
Global
	GlobalSection(SolutionConfigurationPlatforms) = preSolution
		Debug|Any CPU = Debug|Any CPU
		Release|Any CPU = Release|Any CPU
	EndGlobalSection
	GlobalSection(ProjectConfigurationPlatforms) = postSolution
		{FFDF6B01-2A86-4D30-BA40-E6DF6A21B6E7}.Debug|Any CPU.ActiveCfg = Debug|Any CPU
		{FFDF6B01-2A86-4D30-BA40-E6DF6A21B6E7}.Debug|Any CPU.Build.0 = Debug|Any CPU
		{FFDF6B01-2A86-4D30-BA40-E6DF6A21B6E7}.Release|Any CPU.ActiveCfg = Release|Any CPU
		{FFDF6B01-2A86-4D30-BA40-E6DF6A21B6E7}.Release|Any CPU.Build.0 = Release|Any CPU
	EndGlobalSection
	GlobalSection(SolutionProperties) = preSolution
		HideSolutionNode = FALSE
	EndGlobalSection
EndGlobal
