
Microsoft Visual Studio Solution File, Format Version 12.00
# Visual Studio Express 2012 for Windows Desktop
Project("{FAE04EC0-301F-11D3-BF4B-00C04F79EFBC}") = "ListIsPalindrome", "ListIsPalindrome.csproj", "{006E2842-370B-4BF7-A87F-2EC047F5B2B8}"
EndProject
Global
	GlobalSection(SolutionConfigurationPlatforms) = preSolution
		Debug|Any CPU = Debug|Any CPU
		Release|Any CPU = Release|Any CPU
	EndGlobalSection
	GlobalSection(ProjectConfigurationPlatforms) = postSolution
		{006E2842-370B-4BF7-A87F-2EC047F5B2B8}.Debug|Any CPU.ActiveCfg = Debug|Any CPU
		{006E2842-370B-4BF7-A87F-2EC047F5B2B8}.Debug|Any CPU.Build.0 = Debug|Any CPU
		{006E2842-370B-4BF7-A87F-2EC047F5B2B8}.Release|Any CPU.ActiveCfg = Release|Any CPU
		{006E2842-370B-4BF7-A87F-2EC047F5B2B8}.Release|Any CPU.Build.0 = Release|Any CPU
	EndGlobalSection
	GlobalSection(SolutionProperties) = preSolution
		HideSolutionNode = FALSE
	EndGlobalSection
EndGlobal
