
Microsoft Visual Studio Solution File, Format Version 12.00
# Visual Studio Express 2012 for Windows Desktop
Project("{FAE04EC0-301F-11D3-BF4B-00C04F79EFBC}") = "Expressions", "Expressions.csproj", "{EDC843D3-0922-437E-8F53-A6AEC3D58455}"
EndProject
Global
	GlobalSection(SolutionConfigurationPlatforms) = preSolution
		Debug|Any CPU = Debug|Any CPU
		Release|Any CPU = Release|Any CPU
	EndGlobalSection
	GlobalSection(ProjectConfigurationPlatforms) = postSolution
		{EDC843D3-0922-437E-8F53-A6AEC3D58455}.Debug|Any CPU.ActiveCfg = Debug|Any CPU
		{EDC843D3-0922-437E-8F53-A6AEC3D58455}.Debug|Any CPU.Build.0 = Debug|Any CPU
		{EDC843D3-0922-437E-8F53-A6AEC3D58455}.Release|Any CPU.ActiveCfg = Release|Any CPU
		{EDC843D3-0922-437E-8F53-A6AEC3D58455}.Release|Any CPU.Build.0 = Release|Any CPU
	EndGlobalSection
	GlobalSection(SolutionProperties) = preSolution
		HideSolutionNode = FALSE
	EndGlobalSection
EndGlobal
