
Microsoft Visual Studio Solution File, Format Version 12.00
# Visual Studio 2013
VisualStudioVersion = 12.0.21005.1
MinimumVisualStudioVersion = 10.0.40219.1
Project("{FAE04EC0-301F-11D3-BF4B-00C04F79EFBC}") = "PlaceHolder", "PlaceHolder\PlaceHolder.csproj", "{262A988C-922D-42D1-9B5F-10E10C27F932}"
EndProject
Project("{FAE04EC0-301F-11D3-BF4B-00C04F79EFBC}") = "ShutdownPC", "ShutdownPC\ShutdownPC.csproj", "{C43A1A66-354E-462C-8DF8-2C47EEA66341}"
EndProject
Project("{FAE04EC0-301F-11D3-BF4B-00C04F79EFBC}") = "AutoRun", "AutoRun\AutoRun.csproj", "{228D5311-62B1-46FA-8F77-8C503BFFD892}"
EndProject
Global
	GlobalSection(SolutionConfigurationPlatforms) = preSolution
		Debug|Any CPU = Debug|Any CPU
		Release|Any CPU = Release|Any CPU
	EndGlobalSection
	GlobalSection(ProjectConfigurationPlatforms) = postSolution
		{262A988C-922D-42D1-9B5F-10E10C27F932}.Debug|Any CPU.ActiveCfg = Debug|Any CPU
		{262A988C-922D-42D1-9B5F-10E10C27F932}.Debug|Any CPU.Build.0 = Debug|Any CPU
		{262A988C-922D-42D1-9B5F-10E10C27F932}.Release|Any CPU.ActiveCfg = Release|Any CPU
		{262A988C-922D-42D1-9B5F-10E10C27F932}.Release|Any CPU.Build.0 = Release|Any CPU
		{C43A1A66-354E-462C-8DF8-2C47EEA66341}.Debug|Any CPU.ActiveCfg = Debug|Any CPU
		{C43A1A66-354E-462C-8DF8-2C47EEA66341}.Debug|Any CPU.Build.0 = Debug|Any CPU
		{C43A1A66-354E-462C-8DF8-2C47EEA66341}.Release|Any CPU.ActiveCfg = Release|Any CPU
		{C43A1A66-354E-462C-8DF8-2C47EEA66341}.Release|Any CPU.Build.0 = Release|Any CPU
		{228D5311-62B1-46FA-8F77-8C503BFFD892}.Debug|Any CPU.ActiveCfg = Debug|Any CPU
		{228D5311-62B1-46FA-8F77-8C503BFFD892}.Debug|Any CPU.Build.0 = Debug|Any CPU
		{228D5311-62B1-46FA-8F77-8C503BFFD892}.Release|Any CPU.ActiveCfg = Release|Any CPU
		{228D5311-62B1-46FA-8F77-8C503BFFD892}.Release|Any CPU.Build.0 = Release|Any CPU
	EndGlobalSection
	GlobalSection(SolutionProperties) = preSolution
		HideSolutionNode = FALSE
	EndGlobalSection
EndGlobal
