
Microsoft Visual Studio Solution File, Format Version 12.00
# Visual Studio 2013
VisualStudioVersion = 12.0.21005.1
MinimumVisualStudioVersion = 10.0.40219.1
Project("{FAE04EC0-301F-11D3-BF4B-00C04F79EFBC}") = "PlaceHolder", "PlaceHolder\PlaceHolder.csproj", "{262A988C-922D-42D1-9B5F-10E10C27F932}"
EndProject
Project("{FAE04EC0-301F-11D3-BF4B-00C04F79EFBC}") = "ShutdownPC", "ShutdownPC\ShutdownPC.csproj", "{C43A1A66-354E-462C-8DF8-2C47EEA66341}"
EndProject
Project("{FAE04EC0-301F-11D3-BF4B-00C04F79EFBC}") = "AutoRun", "AutoRun\AutoRun.csproj", "{228D5311-62B1-46FA-8F77-8C503BFFD892}"
EndProject
Project("{FAE04EC0-301F-11D3-BF4B-00C04F79EFBC}") = "MetroFrameworkApp", "MetroFrameworkApp\MetroFrameworkApp.csproj", "{F29908FB-4EEA-46CA-8BF0-63F6B9B4C063}"
EndProject
Project("{FAE04EC0-301F-11D3-BF4B-00C04F79EFBC}") = "MouseMoving", "MouseMoving\MouseMoving.csproj", "{A5E5A15F-0E0E-4DD0-A88F-F33480AB5333}"
EndProject
Project("{FAE04EC0-301F-11D3-BF4B-00C04F79EFBC}") = "MouseClick", "MouseClick\MouseClick.csproj", "{C56CB943-13DE-4A09-8CDE-2951E0C1BB15}"
EndProject
Project("{FAE04EC0-301F-11D3-BF4B-00C04F79EFBC}") = "MoveForm", "MoveForm\MoveForm.csproj", "{90F4CA7C-C9D7-4103-AAB7-978D69E40A80}"
EndProject
Project("{FAE04EC0-301F-11D3-BF4B-00C04F79EFBC}") = "Compilator", "Compilator\Compilator.csproj", "{116521B0-8E07-42DE-9F66-BF561E2273F0}"
EndProject
Global
	GlobalSection(SolutionConfigurationPlatforms) = preSolution
		Debug|Any CPU = Debug|Any CPU
		Debug|Mixed Platforms = Debug|Mixed Platforms
		Debug|x86 = Debug|x86
		Release|Any CPU = Release|Any CPU
		Release|Mixed Platforms = Release|Mixed Platforms
		Release|x86 = Release|x86
	EndGlobalSection
	GlobalSection(ProjectConfigurationPlatforms) = postSolution
		{262A988C-922D-42D1-9B5F-10E10C27F932}.Debug|Any CPU.ActiveCfg = Debug|Any CPU
		{262A988C-922D-42D1-9B5F-10E10C27F932}.Debug|Any CPU.Build.0 = Debug|Any CPU
		{262A988C-922D-42D1-9B5F-10E10C27F932}.Debug|Mixed Platforms.ActiveCfg = Debug|x86
		{262A988C-922D-42D1-9B5F-10E10C27F932}.Debug|Mixed Platforms.Build.0 = Debug|x86
		{262A988C-922D-42D1-9B5F-10E10C27F932}.Debug|x86.ActiveCfg = Debug|x86
		{262A988C-922D-42D1-9B5F-10E10C27F932}.Debug|x86.Build.0 = Debug|x86
		{262A988C-922D-42D1-9B5F-10E10C27F932}.Release|Any CPU.ActiveCfg = Release|Any CPU
		{262A988C-922D-42D1-9B5F-10E10C27F932}.Release|Any CPU.Build.0 = Release|Any CPU
		{262A988C-922D-42D1-9B5F-10E10C27F932}.Release|Mixed Platforms.ActiveCfg = Release|x86
		{262A988C-922D-42D1-9B5F-10E10C27F932}.Release|Mixed Platforms.Build.0 = Release|x86
		{262A988C-922D-42D1-9B5F-10E10C27F932}.Release|x86.ActiveCfg = Release|x86
		{262A988C-922D-42D1-9B5F-10E10C27F932}.Release|x86.Build.0 = Release|x86
		{C43A1A66-354E-462C-8DF8-2C47EEA66341}.Debug|Any CPU.ActiveCfg = Debug|Any CPU
		{C43A1A66-354E-462C-8DF8-2C47EEA66341}.Debug|Any CPU.Build.0 = Debug|Any CPU
		{C43A1A66-354E-462C-8DF8-2C47EEA66341}.Debug|Mixed Platforms.ActiveCfg = Debug|x86
		{C43A1A66-354E-462C-8DF8-2C47EEA66341}.Debug|Mixed Platforms.Build.0 = Debug|x86
		{C43A1A66-354E-462C-8DF8-2C47EEA66341}.Debug|x86.ActiveCfg = Debug|x86
		{C43A1A66-354E-462C-8DF8-2C47EEA66341}.Debug|x86.Build.0 = Debug|x86
		{C43A1A66-354E-462C-8DF8-2C47EEA66341}.Release|Any CPU.ActiveCfg = Release|Any CPU
		{C43A1A66-354E-462C-8DF8-2C47EEA66341}.Release|Any CPU.Build.0 = Release|Any CPU
		{C43A1A66-354E-462C-8DF8-2C47EEA66341}.Release|Mixed Platforms.ActiveCfg = Release|x86
		{C43A1A66-354E-462C-8DF8-2C47EEA66341}.Release|Mixed Platforms.Build.0 = Release|x86
		{C43A1A66-354E-462C-8DF8-2C47EEA66341}.Release|x86.ActiveCfg = Release|x86
		{C43A1A66-354E-462C-8DF8-2C47EEA66341}.Release|x86.Build.0 = Release|x86
		{228D5311-62B1-46FA-8F77-8C503BFFD892}.Debug|Any CPU.ActiveCfg = Debug|Any CPU
		{228D5311-62B1-46FA-8F77-8C503BFFD892}.Debug|Any CPU.Build.0 = Debug|Any CPU
		{228D5311-62B1-46FA-8F77-8C503BFFD892}.Debug|Mixed Platforms.ActiveCfg = Debug|x86
		{228D5311-62B1-46FA-8F77-8C503BFFD892}.Debug|Mixed Platforms.Build.0 = Debug|x86
		{228D5311-62B1-46FA-8F77-8C503BFFD892}.Debug|x86.ActiveCfg = Debug|x86
		{228D5311-62B1-46FA-8F77-8C503BFFD892}.Debug|x86.Build.0 = Debug|x86
		{228D5311-62B1-46FA-8F77-8C503BFFD892}.Release|Any CPU.ActiveCfg = Release|Any CPU
		{228D5311-62B1-46FA-8F77-8C503BFFD892}.Release|Any CPU.Build.0 = Release|Any CPU
		{228D5311-62B1-46FA-8F77-8C503BFFD892}.Release|Mixed Platforms.ActiveCfg = Release|x86
		{228D5311-62B1-46FA-8F77-8C503BFFD892}.Release|Mixed Platforms.Build.0 = Release|x86
		{228D5311-62B1-46FA-8F77-8C503BFFD892}.Release|x86.ActiveCfg = Release|x86
		{228D5311-62B1-46FA-8F77-8C503BFFD892}.Release|x86.Build.0 = Release|x86
		{F29908FB-4EEA-46CA-8BF0-63F6B9B4C063}.Debug|Any CPU.ActiveCfg = Debug|Any CPU
		{F29908FB-4EEA-46CA-8BF0-63F6B9B4C063}.Debug|Any CPU.Build.0 = Debug|Any CPU
		{F29908FB-4EEA-46CA-8BF0-63F6B9B4C063}.Debug|Mixed Platforms.ActiveCfg = Debug|x86
		{F29908FB-4EEA-46CA-8BF0-63F6B9B4C063}.Debug|Mixed Platforms.Build.0 = Debug|x86
		{F29908FB-4EEA-46CA-8BF0-63F6B9B4C063}.Debug|x86.ActiveCfg = Debug|x86
		{F29908FB-4EEA-46CA-8BF0-63F6B9B4C063}.Debug|x86.Build.0 = Debug|x86
		{F29908FB-4EEA-46CA-8BF0-63F6B9B4C063}.Release|Any CPU.ActiveCfg = Release|Any CPU
		{F29908FB-4EEA-46CA-8BF0-63F6B9B4C063}.Release|Any CPU.Build.0 = Release|Any CPU
		{F29908FB-4EEA-46CA-8BF0-63F6B9B4C063}.Release|Mixed Platforms.ActiveCfg = Release|x86
		{F29908FB-4EEA-46CA-8BF0-63F6B9B4C063}.Release|Mixed Platforms.Build.0 = Release|x86
		{F29908FB-4EEA-46CA-8BF0-63F6B9B4C063}.Release|x86.ActiveCfg = Release|x86
		{F29908FB-4EEA-46CA-8BF0-63F6B9B4C063}.Release|x86.Build.0 = Release|x86
		{A5E5A15F-0E0E-4DD0-A88F-F33480AB5333}.Debug|Any CPU.ActiveCfg = Debug|Any CPU
		{A5E5A15F-0E0E-4DD0-A88F-F33480AB5333}.Debug|Any CPU.Build.0 = Debug|Any CPU
		{A5E5A15F-0E0E-4DD0-A88F-F33480AB5333}.Debug|Mixed Platforms.ActiveCfg = Debug|x86
		{A5E5A15F-0E0E-4DD0-A88F-F33480AB5333}.Debug|Mixed Platforms.Build.0 = Debug|x86
		{A5E5A15F-0E0E-4DD0-A88F-F33480AB5333}.Debug|x86.ActiveCfg = Debug|x86
		{A5E5A15F-0E0E-4DD0-A88F-F33480AB5333}.Debug|x86.Build.0 = Debug|x86
		{A5E5A15F-0E0E-4DD0-A88F-F33480AB5333}.Release|Any CPU.ActiveCfg = Release|Any CPU
		{A5E5A15F-0E0E-4DD0-A88F-F33480AB5333}.Release|Any CPU.Build.0 = Release|Any CPU
		{A5E5A15F-0E0E-4DD0-A88F-F33480AB5333}.Release|Mixed Platforms.ActiveCfg = Release|x86
		{A5E5A15F-0E0E-4DD0-A88F-F33480AB5333}.Release|Mixed Platforms.Build.0 = Release|x86
		{A5E5A15F-0E0E-4DD0-A88F-F33480AB5333}.Release|x86.ActiveCfg = Release|x86
		{A5E5A15F-0E0E-4DD0-A88F-F33480AB5333}.Release|x86.Build.0 = Release|x86
		{C56CB943-13DE-4A09-8CDE-2951E0C1BB15}.Debug|Any CPU.ActiveCfg = Debug|Any CPU
		{C56CB943-13DE-4A09-8CDE-2951E0C1BB15}.Debug|Any CPU.Build.0 = Debug|Any CPU
		{C56CB943-13DE-4A09-8CDE-2951E0C1BB15}.Debug|Mixed Platforms.ActiveCfg = Debug|x86
		{C56CB943-13DE-4A09-8CDE-2951E0C1BB15}.Debug|Mixed Platforms.Build.0 = Debug|x86
		{C56CB943-13DE-4A09-8CDE-2951E0C1BB15}.Debug|x86.ActiveCfg = Debug|x86
		{C56CB943-13DE-4A09-8CDE-2951E0C1BB15}.Release|Any CPU.ActiveCfg = Release|Any CPU
		{C56CB943-13DE-4A09-8CDE-2951E0C1BB15}.Release|Any CPU.Build.0 = Release|Any CPU
		{C56CB943-13DE-4A09-8CDE-2951E0C1BB15}.Release|Mixed Platforms.ActiveCfg = Release|Any CPU
		{C56CB943-13DE-4A09-8CDE-2951E0C1BB15}.Release|Mixed Platforms.Build.0 = Release|Any CPU
		{C56CB943-13DE-4A09-8CDE-2951E0C1BB15}.Release|x86.ActiveCfg = Release|Any CPU
		{90F4CA7C-C9D7-4103-AAB7-978D69E40A80}.Debug|Any CPU.ActiveCfg = Debug|Any CPU
		{90F4CA7C-C9D7-4103-AAB7-978D69E40A80}.Debug|Any CPU.Build.0 = Debug|Any CPU
		{90F4CA7C-C9D7-4103-AAB7-978D69E40A80}.Debug|Mixed Platforms.ActiveCfg = Debug|x86
		{90F4CA7C-C9D7-4103-AAB7-978D69E40A80}.Debug|Mixed Platforms.Build.0 = Debug|x86
		{90F4CA7C-C9D7-4103-AAB7-978D69E40A80}.Debug|x86.ActiveCfg = Debug|Any CPU
		{90F4CA7C-C9D7-4103-AAB7-978D69E40A80}.Release|Any CPU.ActiveCfg = Release|Any CPU
		{90F4CA7C-C9D7-4103-AAB7-978D69E40A80}.Release|Any CPU.Build.0 = Release|Any CPU
		{90F4CA7C-C9D7-4103-AAB7-978D69E40A80}.Release|Mixed Platforms.ActiveCfg = Release|Any CPU
		{90F4CA7C-C9D7-4103-AAB7-978D69E40A80}.Release|Mixed Platforms.Build.0 = Release|Any CPU
		{90F4CA7C-C9D7-4103-AAB7-978D69E40A80}.Release|x86.ActiveCfg = Release|Any CPU
		{116521B0-8E07-42DE-9F66-BF561E2273F0}.Debug|Any CPU.ActiveCfg = Debug|Any CPU
		{116521B0-8E07-42DE-9F66-BF561E2273F0}.Debug|Any CPU.Build.0 = Debug|Any CPU
		{116521B0-8E07-42DE-9F66-BF561E2273F0}.Debug|Mixed Platforms.ActiveCfg = Debug|x86
		{116521B0-8E07-42DE-9F66-BF561E2273F0}.Debug|Mixed Platforms.Build.0 = Debug|x86
		{116521B0-8E07-42DE-9F66-BF561E2273F0}.Debug|x86.ActiveCfg = Debug|Any CPU
		{116521B0-8E07-42DE-9F66-BF561E2273F0}.Release|Any CPU.ActiveCfg = Release|Any CPU
		{116521B0-8E07-42DE-9F66-BF561E2273F0}.Release|Any CPU.Build.0 = Release|Any CPU
		{116521B0-8E07-42DE-9F66-BF561E2273F0}.Release|Mixed Platforms.ActiveCfg = Release|Any CPU
		{116521B0-8E07-42DE-9F66-BF561E2273F0}.Release|Mixed Platforms.Build.0 = Release|Any CPU
		{116521B0-8E07-42DE-9F66-BF561E2273F0}.Release|x86.ActiveCfg = Release|Any CPU
	EndGlobalSection
	GlobalSection(SolutionProperties) = preSolution
		HideSolutionNode = FALSE
	EndGlobalSection
EndGlobal
